
Microsoft Visual Studio Solution File, Format Version 12.00
# Visual Studio Version 16
VisualStudioVersion = 16.0.30114.105
MinimumVisualStudioVersion = 10.0.40219.1
Project("{FAE04EC0-301F-11D3-BF4B-00C04F79EFBC}") = "Beam.Client", "Beam.Client\Beam.Client.csproj", "{CE14416F-CBC9-429D-BB74-344E6F5758B9}"
EndProject
Project("{FAE04EC0-301F-11D3-BF4B-00C04F79EFBC}") = "Beam.Data", "Beam.Data\Beam.Data.csproj", "{2948988A-6482-45DD-AC9B-19395455CA96}"
EndProject
Project("{FAE04EC0-301F-11D3-BF4B-00C04F79EFBC}") = "Beam.Server", "Beam.Server\Beam.Server.csproj", "{474A2713-E7B0-440C-BBB1-C861ECD3753C}"
EndProject
Global
	GlobalSection(SolutionConfigurationPlatforms) = preSolution
		Debug|Any CPU = Debug|Any CPU
		Debug|x64 = Debug|x64
		Debug|x86 = Debug|x86
		Release|Any CPU = Release|Any CPU
		Release|x64 = Release|x64
		Release|x86 = Release|x86
	EndGlobalSection
	GlobalSection(SolutionProperties) = preSolution
		HideSolutionNode = FALSE
	EndGlobalSection
	GlobalSection(ProjectConfigurationPlatforms) = postSolution
		{CE14416F-CBC9-429D-BB74-344E6F5758B9}.Debug|Any CPU.ActiveCfg = Debug|Any CPU
		{CE14416F-CBC9-429D-BB74-344E6F5758B9}.Debug|Any CPU.Build.0 = Debug|Any CPU
		{CE14416F-CBC9-429D-BB74-344E6F5758B9}.Debug|x64.ActiveCfg = Debug|Any CPU
		{CE14416F-CBC9-429D-BB74-344E6F5758B9}.Debug|x64.Build.0 = Debug|Any CPU
		{CE14416F-CBC9-429D-BB74-344E6F5758B9}.Debug|x86.ActiveCfg = Debug|Any CPU
		{CE14416F-CBC9-429D-BB74-344E6F5758B9}.Debug|x86.Build.0 = Debug|Any CPU
		{CE14416F-CBC9-429D-BB74-344E6F5758B9}.Release|Any CPU.ActiveCfg = Release|Any CPU
		{CE14416F-CBC9-429D-BB74-344E6F5758B9}.Release|Any CPU.Build.0 = Release|Any CPU
		{CE14416F-CBC9-429D-BB74-344E6F5758B9}.Release|x64.ActiveCfg = Release|Any CPU
		{CE14416F-CBC9-429D-BB74-344E6F5758B9}.Release|x64.Build.0 = Release|Any CPU
		{CE14416F-CBC9-429D-BB74-344E6F5758B9}.Release|x86.ActiveCfg = Release|Any CPU
		{CE14416F-CBC9-429D-BB74-344E6F5758B9}.Release|x86.Build.0 = Release|Any CPU
		{2948988A-6482-45DD-AC9B-19395455CA96}.Debug|Any CPU.ActiveCfg = Debug|Any CPU
		{2948988A-6482-45DD-AC9B-19395455CA96}.Debug|Any CPU.Build.0 = Debug|Any CPU
		{2948988A-6482-45DD-AC9B-19395455CA96}.Debug|x64.ActiveCfg = Debug|Any CPU
		{2948988A-6482-45DD-AC9B-19395455CA96}.Debug|x64.Build.0 = Debug|Any CPU
		{2948988A-6482-45DD-AC9B-19395455CA96}.Debug|x86.ActiveCfg = Debug|Any CPU
		{2948988A-6482-45DD-AC9B-19395455CA96}.Debug|x86.Build.0 = Debug|Any CPU
		{2948988A-6482-45DD-AC9B-19395455CA96}.Release|Any CPU.ActiveCfg = Release|Any CPU
		{2948988A-6482-45DD-AC9B-19395455CA96}.Release|Any CPU.Build.0 = Release|Any CPU
		{2948988A-6482-45DD-AC9B-19395455CA96}.Release|x64.ActiveCfg = Release|Any CPU
		{2948988A-6482-45DD-AC9B-19395455CA96}.Release|x64.Build.0 = Release|Any CPU
		{2948988A-6482-45DD-AC9B-19395455CA96}.Release|x86.ActiveCfg = Release|Any CPU
		{2948988A-6482-45DD-AC9B-19395455CA96}.Release|x86.Build.0 = Release|Any CPU
		{474A2713-E7B0-440C-BBB1-C861ECD3753C}.Debug|Any CPU.ActiveCfg = Debug|Any CPU
		{474A2713-E7B0-440C-BBB1-C861ECD3753C}.Debug|Any CPU.Build.0 = Debug|Any CPU
		{474A2713-E7B0-440C-BBB1-C861ECD3753C}.Debug|x64.ActiveCfg = Debug|Any CPU
		{474A2713-E7B0-440C-BBB1-C861ECD3753C}.Debug|x64.Build.0 = Debug|Any CPU
		{474A2713-E7B0-440C-BBB1-C861ECD3753C}.Debug|x86.ActiveCfg = Debug|Any CPU
		{474A2713-E7B0-440C-BBB1-C861ECD3753C}.Debug|x86.Build.0 = Debug|Any CPU
		{474A2713-E7B0-440C-BBB1-C861ECD3753C}.Release|Any CPU.ActiveCfg = Release|Any CPU
		{474A2713-E7B0-440C-BBB1-C861ECD3753C}.Release|Any CPU.Build.0 = Release|Any CPU
		{474A2713-E7B0-440C-BBB1-C861ECD3753C}.Release|x64.ActiveCfg = Release|Any CPU
		{474A2713-E7B0-440C-BBB1-C861ECD3753C}.Release|x64.Build.0 = Release|Any CPU
		{474A2713-E7B0-440C-BBB1-C861ECD3753C}.Release|x86.ActiveCfg = Release|Any CPU
		{474A2713-E7B0-440C-BBB1-C861ECD3753C}.Release|x86.Build.0 = Release|Any CPU
	EndGlobalSection
EndGlobal
